
Microsoft Visual Studio Solution File, Format Version 12.00
# Visual Studio Version 16
VisualStudioVersion = 16.0.29326.143
MinimumVisualStudioVersion = 10.0.40219.1
Project("{FAE04EC0-301F-11D3-BF4B-00C04F79EFBC}") = "MyWeb", "MyWeb\MyWeb.csproj", "{0DA90B7F-6787-407B-BD1A-C2515FA1F565}"
EndProject
Global
	GlobalSection(SolutionConfigurationPlatforms) = preSolution
		Debug|Any CPU = Debug|Any CPU
		Release|Any CPU = Release|Any CPU
	EndGlobalSection
	GlobalSection(ProjectConfigurationPlatforms) = postSolution
		{0DA90B7F-6787-407B-BD1A-C2515FA1F565}.Debug|Any CPU.ActiveCfg = Debug|Any CPU
		{0DA90B7F-6787-407B-BD1A-C2515FA1F565}.Debug|Any CPU.Build.0 = Debug|Any CPU
		{0DA90B7F-6787-407B-BD1A-C2515FA1F565}.Release|Any CPU.ActiveCfg = Release|Any CPU
		{0DA90B7F-6787-407B-BD1A-C2515FA1F565}.Release|Any CPU.Build.0 = Release|Any CPU
	EndGlobalSection
	GlobalSection(SolutionProperties) = preSolution
		HideSolutionNode = FALSE
	EndGlobalSection
	GlobalSection(ExtensibilityGlobals) = postSolution
		SolutionGuid = {80773864-4206-4CB3-9E19-C6D49459E0DE}
	EndGlobalSection
EndGlobal
